
Microsoft Visual Studio Solution File, Format Version 12.00
# Visual Studio Version 16
VisualStudioVersion = 16.0.29806.167
MinimumVisualStudioVersion = 10.0.40219.1
Project("{2150E333-8FDC-42A3-9474-1A3956D46DE8}") = "Solution Items", "Solution Items", "{31E96766-39CC-4CF7-B5CB-442F01A3A524}"
	ProjectSection(SolutionItems) = preProject
		.EDITORCONFIG = .EDITORCONFIG
		build\build.props = build\build.props
		LICENSE = LICENSE
		build\package.props = build\package.props
		README.md = README.md
	EndProjectSection
EndProject
Project("{9A19103F-16F7-4668-BE54-9A1E7A4F7556}") = "ActiveRoutes", "src\ActiveRoutes\ActiveRoutes.csproj", "{B73C41BD-9CF5-4690-95ED-324228001411}"
EndProject
Project("{9A19103F-16F7-4668-BE54-9A1E7A4F7556}") = "Demo.RuntimeFeature", "src\Demo.RuntimeFeature\Demo.RuntimeFeature.csproj", "{C1DEB80B-A734-4BFE-B1F9-C90800361342}"
EndProject
Project("{9A19103F-16F7-4668-BE54-9A1E7A4F7556}") = "Demo", "src\Demo\Demo.csproj", "{46559D12-BC0B-46AD-976D-B79A09A10487}"
EndProject
Project("{9A19103F-16F7-4668-BE54-9A1E7A4F7556}") = "ActiveRoutes.Meta", "src\ActiveRoutes.Meta\ActiveRoutes.Meta.csproj", "{E8550BE8-A3CA-4233-A67C-E24F9E436E1B}"
EndProject
Global
	GlobalSection(SolutionConfigurationPlatforms) = preSolution
		Debug|Any CPU = Debug|Any CPU
		Package|Any CPU = Package|Any CPU
		Release|Any CPU = Release|Any CPU
	EndGlobalSection
	GlobalSection(ProjectConfigurationPlatforms) = postSolution
		{B73C41BD-9CF5-4690-95ED-324228001411}.Debug|Any CPU.ActiveCfg = Debug|Any CPU
		{B73C41BD-9CF5-4690-95ED-324228001411}.Debug|Any CPU.Build.0 = Debug|Any CPU
		{B73C41BD-9CF5-4690-95ED-324228001411}.Package|Any CPU.ActiveCfg = Package|Any CPU
		{B73C41BD-9CF5-4690-95ED-324228001411}.Package|Any CPU.Build.0 = Package|Any CPU
		{B73C41BD-9CF5-4690-95ED-324228001411}.Release|Any CPU.ActiveCfg = Release|Any CPU
		{B73C41BD-9CF5-4690-95ED-324228001411}.Release|Any CPU.Build.0 = Release|Any CPU
		{C1DEB80B-A734-4BFE-B1F9-C90800361342}.Debug|Any CPU.ActiveCfg = Debug|Any CPU
		{C1DEB80B-A734-4BFE-B1F9-C90800361342}.Debug|Any CPU.Build.0 = Debug|Any CPU
		{C1DEB80B-A734-4BFE-B1F9-C90800361342}.Package|Any CPU.ActiveCfg = Debug|Any CPU
		{C1DEB80B-A734-4BFE-B1F9-C90800361342}.Package|Any CPU.Build.0 = Debug|Any CPU
		{C1DEB80B-A734-4BFE-B1F9-C90800361342}.Release|Any CPU.ActiveCfg = Release|Any CPU
		{C1DEB80B-A734-4BFE-B1F9-C90800361342}.Release|Any CPU.Build.0 = Release|Any CPU
		{46559D12-BC0B-46AD-976D-B79A09A10487}.Debug|Any CPU.ActiveCfg = Debug|Any CPU
		{46559D12-BC0B-46AD-976D-B79A09A10487}.Debug|Any CPU.Build.0 = Debug|Any CPU
		{46559D12-BC0B-46AD-976D-B79A09A10487}.Package|Any CPU.ActiveCfg = Debug|Any CPU
		{46559D12-BC0B-46AD-976D-B79A09A10487}.Package|Any CPU.Build.0 = Debug|Any CPU
		{46559D12-BC0B-46AD-976D-B79A09A10487}.Release|Any CPU.ActiveCfg = Release|Any CPU
		{46559D12-BC0B-46AD-976D-B79A09A10487}.Release|Any CPU.Build.0 = Release|Any CPU
		{E8550BE8-A3CA-4233-A67C-E24F9E436E1B}.Debug|Any CPU.ActiveCfg = Debug|Any CPU
		{E8550BE8-A3CA-4233-A67C-E24F9E436E1B}.Debug|Any CPU.Build.0 = Debug|Any CPU
		{E8550BE8-A3CA-4233-A67C-E24F9E436E1B}.Package|Any CPU.ActiveCfg = Debug|Any CPU
		{E8550BE8-A3CA-4233-A67C-E24F9E436E1B}.Package|Any CPU.Build.0 = Debug|Any CPU
		{E8550BE8-A3CA-4233-A67C-E24F9E436E1B}.Release|Any CPU.ActiveCfg = Release|Any CPU
		{E8550BE8-A3CA-4233-A67C-E24F9E436E1B}.Release|Any CPU.Build.0 = Release|Any CPU
	EndGlobalSection
	GlobalSection(SolutionProperties) = preSolution
		HideSolutionNode = FALSE
	EndGlobalSection
	GlobalSection(ExtensibilityGlobals) = postSolution
		SolutionGuid = {14CF596F-985E-49E4-A0FE-50FA0D1FF4D9}
	EndGlobalSection
EndGlobal
