
Microsoft Visual Studio Solution File, Format Version 12.00
# Visual Studio Version 16
VisualStudioVersion = 16.0.29806.167
MinimumVisualStudioVersion = 10.0.40219.1
Project("{FAE04EC0-301F-11D3-BF4B-00C04F79EFBC}") = "ActiveRoutes", "ActiveRoutes\ActiveRoutes.csproj", "{4C8E266E-9169-4535-BA99-7DC459DEC9F9}"
EndProject
Project("{FAE04EC0-301F-11D3-BF4B-00C04F79EFBC}") = "Demo", "Demo\Demo.csproj", "{D3B1EFD0-90D1-47A3-B17D-6428CD989A3A}"
EndProject
Project("{FAE04EC0-301F-11D3-BF4B-00C04F79EFBC}") = "Demo.RuntimeFeature", "Demo.RuntimeFeature\Demo.RuntimeFeature.csproj", "{84D5919E-E538-459B-A46B-DE318FE43377}"
EndProject
Global
	GlobalSection(SolutionConfigurationPlatforms) = preSolution
		Debug|Any CPU = Debug|Any CPU
		Release|Any CPU = Release|Any CPU
	EndGlobalSection
	GlobalSection(ProjectConfigurationPlatforms) = postSolution
		{4C8E266E-9169-4535-BA99-7DC459DEC9F9}.Debug|Any CPU.ActiveCfg = Debug|Any CPU
		{4C8E266E-9169-4535-BA99-7DC459DEC9F9}.Debug|Any CPU.Build.0 = Debug|Any CPU
		{4C8E266E-9169-4535-BA99-7DC459DEC9F9}.Release|Any CPU.ActiveCfg = Release|Any CPU
		{4C8E266E-9169-4535-BA99-7DC459DEC9F9}.Release|Any CPU.Build.0 = Release|Any CPU
		{D3B1EFD0-90D1-47A3-B17D-6428CD989A3A}.Debug|Any CPU.ActiveCfg = Debug|Any CPU
		{D3B1EFD0-90D1-47A3-B17D-6428CD989A3A}.Debug|Any CPU.Build.0 = Debug|Any CPU
		{D3B1EFD0-90D1-47A3-B17D-6428CD989A3A}.Release|Any CPU.ActiveCfg = Release|Any CPU
		{D3B1EFD0-90D1-47A3-B17D-6428CD989A3A}.Release|Any CPU.Build.0 = Release|Any CPU
		{84D5919E-E538-459B-A46B-DE318FE43377}.Debug|Any CPU.ActiveCfg = Debug|Any CPU
		{84D5919E-E538-459B-A46B-DE318FE43377}.Debug|Any CPU.Build.0 = Debug|Any CPU
		{84D5919E-E538-459B-A46B-DE318FE43377}.Release|Any CPU.ActiveCfg = Release|Any CPU
		{84D5919E-E538-459B-A46B-DE318FE43377}.Release|Any CPU.Build.0 = Release|Any CPU
	EndGlobalSection
	GlobalSection(SolutionProperties) = preSolution
		HideSolutionNode = FALSE
	EndGlobalSection
	GlobalSection(ExtensibilityGlobals) = postSolution
		SolutionGuid = {14CF596F-985E-49E4-A0FE-50FA0D1FF4D9}
	EndGlobalSection
EndGlobal
